
Microsoft Visual Studio Solution File, Format Version 12.00
# Visual Studio Version 16
VisualStudioVersion = 16.0.30320.27
MinimumVisualStudioVersion = 10.0.40219.1
Project("{9A19103F-16F7-4668-BE54-9A1E7A4F7556}") = "PlaneScheduleManager", "PlaneScheduleManager\PlaneScheduleManager.csproj", "{39533823-C76B-46AF-9904-0DAC41F05118}"
EndProject
Project("{FAE04EC0-301F-11D3-BF4B-00C04F79EFBC}") = "AudioPlayer", "AudioPlayer\AudioPlayer.csproj", "{8584EC2E-E077-44E5-A2AA-2EA24422FCAB}"
EndProject
Global
	GlobalSection(SolutionConfigurationPlatforms) = preSolution
		Debug|Any CPU = Debug|Any CPU
		Release|Any CPU = Release|Any CPU
	EndGlobalSection
	GlobalSection(ProjectConfigurationPlatforms) = postSolution
		{39533823-C76B-46AF-9904-0DAC41F05118}.Debug|Any CPU.ActiveCfg = Debug|Any CPU
		{39533823-C76B-46AF-9904-0DAC41F05118}.Debug|Any CPU.Build.0 = Debug|Any CPU
		{39533823-C76B-46AF-9904-0DAC41F05118}.Release|Any CPU.ActiveCfg = Release|Any CPU
		{39533823-C76B-46AF-9904-0DAC41F05118}.Release|Any CPU.Build.0 = Release|Any CPU
		{8584EC2E-E077-44E5-A2AA-2EA24422FCAB}.Debug|Any CPU.ActiveCfg = Debug|Any CPU
		{8584EC2E-E077-44E5-A2AA-2EA24422FCAB}.Debug|Any CPU.Build.0 = Debug|Any CPU
		{8584EC2E-E077-44E5-A2AA-2EA24422FCAB}.Release|Any CPU.ActiveCfg = Release|Any CPU
		{8584EC2E-E077-44E5-A2AA-2EA24422FCAB}.Release|Any CPU.Build.0 = Release|Any CPU
	EndGlobalSection
	GlobalSection(SolutionProperties) = preSolution
		HideSolutionNode = FALSE
	EndGlobalSection
	GlobalSection(ExtensibilityGlobals) = postSolution
		SolutionGuid = {F0ADA0F7-D406-4016-A1F9-9EDAFAA9D1D8}
	EndGlobalSection
EndGlobal
